
Microsoft Visual Studio Solution File, Format Version 12.00
# Visual Studio 15
VisualStudioVersion = 15.0.26730.16
MinimumVisualStudioVersion = 10.0.40219.1
Project("{FAE04EC0-301F-11D3-BF4B-00C04F79EFBC}") = "TaskManagementApplication", "TaskManagementApplication\TaskManagementApplication.csproj", "{76BE3B57-2BF2-4F21-94EF-574DFAEBAED5}"
EndProject
Project("{FAE04EC0-301F-11D3-BF4B-00C04F79EFBC}") = "TaskManagementDAL", "TaskManagementDAL\TaskManagementDAL.csproj", "{CBCE2830-DEA0-49FB-AF30-515CDA6BA80A}"
EndProject
Global
	GlobalSection(SolutionConfigurationPlatforms) = preSolution
		Debug|Any CPU = Debug|Any CPU
		Release|Any CPU = Release|Any CPU
	EndGlobalSection
	GlobalSection(ProjectConfigurationPlatforms) = postSolution
		{76BE3B57-2BF2-4F21-94EF-574DFAEBAED5}.Debug|Any CPU.ActiveCfg = Debug|Any CPU
		{76BE3B57-2BF2-4F21-94EF-574DFAEBAED5}.Debug|Any CPU.Build.0 = Debug|Any CPU
		{76BE3B57-2BF2-4F21-94EF-574DFAEBAED5}.Release|Any CPU.ActiveCfg = Release|Any CPU
		{76BE3B57-2BF2-4F21-94EF-574DFAEBAED5}.Release|Any CPU.Build.0 = Release|Any CPU
		{CBCE2830-DEA0-49FB-AF30-515CDA6BA80A}.Debug|Any CPU.ActiveCfg = Debug|Any CPU
		{CBCE2830-DEA0-49FB-AF30-515CDA6BA80A}.Debug|Any CPU.Build.0 = Debug|Any CPU
		{CBCE2830-DEA0-49FB-AF30-515CDA6BA80A}.Release|Any CPU.ActiveCfg = Release|Any CPU
		{CBCE2830-DEA0-49FB-AF30-515CDA6BA80A}.Release|Any CPU.Build.0 = Release|Any CPU
	EndGlobalSection
	GlobalSection(SolutionProperties) = preSolution
		HideSolutionNode = FALSE
	EndGlobalSection
	GlobalSection(ExtensibilityGlobals) = postSolution
		SolutionGuid = {47DD7029-8534-4703-9770-6E8D973952A3}
	EndGlobalSection
EndGlobal
